
Microsoft Visual Studio Solution File, Format Version 12.00
# Visual Studio Version 16
VisualStudioVersion = 16.0.30011.22
MinimumVisualStudioVersion = 10.0.40219.1
Project("{FAE04EC0-301F-11D3-BF4B-00C04F79EFBC}") = "MonitorSwitch", "MonitorSwitch\MonitorSwitch.csproj", "{D2A0EA6D-AC04-482C-BD1F-FAD4EBDE2DBC}"
EndProject
Global
	GlobalSection(SolutionConfigurationPlatforms) = preSolution
		Debug|Any CPU = Debug|Any CPU
		Release|Any CPU = Release|Any CPU
	EndGlobalSection
	GlobalSection(ProjectConfigurationPlatforms) = postSolution
		{D2A0EA6D-AC04-482C-BD1F-FAD4EBDE2DBC}.Debug|Any CPU.ActiveCfg = Debug|Any CPU
		{D2A0EA6D-AC04-482C-BD1F-FAD4EBDE2DBC}.Debug|Any CPU.Build.0 = Debug|Any CPU
		{D2A0EA6D-AC04-482C-BD1F-FAD4EBDE2DBC}.Release|Any CPU.ActiveCfg = Release|Any CPU
		{D2A0EA6D-AC04-482C-BD1F-FAD4EBDE2DBC}.Release|Any CPU.Build.0 = Release|Any CPU
	EndGlobalSection
	GlobalSection(SolutionProperties) = preSolution
		HideSolutionNode = FALSE
	EndGlobalSection
	GlobalSection(ExtensibilityGlobals) = postSolution
		SolutionGuid = {2294D314-E7B1-4CB1-930B-6050BC171E29}
	EndGlobalSection
EndGlobal
